
Microsoft Visual Studio Solution File, Format Version 12.00
# Visual Studio Version 16
VisualStudioVersion = 16.0.32002.261
MinimumVisualStudioVersion = 10.0.40219.1
Project("{FAE04EC0-301F-11D3-BF4B-00C04F79EFBC}") = "WaterProject", "WaterProject.csproj", "{A75629B6-B7B6-4DF7-9383-D99867807C64}"
EndProject
Project("{FAE04EC0-301F-11D3-BF4B-00C04F79EFBC}") = "OnlineBookstore", "..\OnlineBookstore\OnlineBookstore.csproj", "{282A68F6-2F45-46B5-9EA0-B2F9D8E31E1E}"
EndProject
Global
	GlobalSection(SolutionConfigurationPlatforms) = preSolution
		Debug|Any CPU = Debug|Any CPU
		Release|Any CPU = Release|Any CPU
	EndGlobalSection
	GlobalSection(ProjectConfigurationPlatforms) = postSolution
		{A75629B6-B7B6-4DF7-9383-D99867807C64}.Debug|Any CPU.ActiveCfg = Debug|Any CPU
		{A75629B6-B7B6-4DF7-9383-D99867807C64}.Debug|Any CPU.Build.0 = Debug|Any CPU
		{A75629B6-B7B6-4DF7-9383-D99867807C64}.Release|Any CPU.ActiveCfg = Release|Any CPU
		{A75629B6-B7B6-4DF7-9383-D99867807C64}.Release|Any CPU.Build.0 = Release|Any CPU
		{282A68F6-2F45-46B5-9EA0-B2F9D8E31E1E}.Debug|Any CPU.ActiveCfg = Debug|Any CPU
		{282A68F6-2F45-46B5-9EA0-B2F9D8E31E1E}.Debug|Any CPU.Build.0 = Debug|Any CPU
		{282A68F6-2F45-46B5-9EA0-B2F9D8E31E1E}.Release|Any CPU.ActiveCfg = Release|Any CPU
		{282A68F6-2F45-46B5-9EA0-B2F9D8E31E1E}.Release|Any CPU.Build.0 = Release|Any CPU
	EndGlobalSection
	GlobalSection(SolutionProperties) = preSolution
		HideSolutionNode = FALSE
	EndGlobalSection
	GlobalSection(ExtensibilityGlobals) = postSolution
		SolutionGuid = {7016A073-8823-4D10-9CFB-739DC40A57D3}
	EndGlobalSection
EndGlobal
